
Microsoft Visual Studio Solution File, Format Version 12.00
# Visual Studio Version 16
VisualStudioVersion = 16.0.30907.101
MinimumVisualStudioVersion = 10.0.40219.1
Project("{FAE04EC0-301F-11D3-BF4B-00C04F79EFBC}") = "MvcProject", "MvcProject\MvcProject.csproj", "{6E8C7F77-21F4-4BC4-B8EE-246135FB2585}"
EndProject
Project("{FAE04EC0-301F-11D3-BF4B-00C04F79EFBC}") = "BusinessLayer", "BusinessLayer\BusinessLayer.csproj", "{2107506E-FFBF-469C-B189-BAC625149E37}"
EndProject
Project("{FAE04EC0-301F-11D3-BF4B-00C04F79EFBC}") = "DataAccessLayer", "DataAccessLayer\DataAccessLayer.csproj", "{BF4EC77A-02B1-4CE2-B2CD-9A9518270355}"
EndProject
Project("{FAE04EC0-301F-11D3-BF4B-00C04F79EFBC}") = "EntityLayer", "EntityLayer\EntityLayer.csproj", "{0B2E4975-1704-46BD-BF81-D79E99BB59AB}"
EndProject
Global
	GlobalSection(SolutionConfigurationPlatforms) = preSolution
		Debug|Any CPU = Debug|Any CPU
		Release|Any CPU = Release|Any CPU
	EndGlobalSection
	GlobalSection(ProjectConfigurationPlatforms) = postSolution
		{6E8C7F77-21F4-4BC4-B8EE-246135FB2585}.Debug|Any CPU.ActiveCfg = Debug|Any CPU
		{6E8C7F77-21F4-4BC4-B8EE-246135FB2585}.Debug|Any CPU.Build.0 = Debug|Any CPU
		{6E8C7F77-21F4-4BC4-B8EE-246135FB2585}.Release|Any CPU.ActiveCfg = Release|Any CPU
		{6E8C7F77-21F4-4BC4-B8EE-246135FB2585}.Release|Any CPU.Build.0 = Release|Any CPU
		{2107506E-FFBF-469C-B189-BAC625149E37}.Debug|Any CPU.ActiveCfg = Debug|Any CPU
		{2107506E-FFBF-469C-B189-BAC625149E37}.Debug|Any CPU.Build.0 = Debug|Any CPU
		{2107506E-FFBF-469C-B189-BAC625149E37}.Release|Any CPU.ActiveCfg = Release|Any CPU
		{2107506E-FFBF-469C-B189-BAC625149E37}.Release|Any CPU.Build.0 = Release|Any CPU
		{BF4EC77A-02B1-4CE2-B2CD-9A9518270355}.Debug|Any CPU.ActiveCfg = Debug|Any CPU
		{BF4EC77A-02B1-4CE2-B2CD-9A9518270355}.Debug|Any CPU.Build.0 = Debug|Any CPU
		{BF4EC77A-02B1-4CE2-B2CD-9A9518270355}.Release|Any CPU.ActiveCfg = Release|Any CPU
		{BF4EC77A-02B1-4CE2-B2CD-9A9518270355}.Release|Any CPU.Build.0 = Release|Any CPU
		{0B2E4975-1704-46BD-BF81-D79E99BB59AB}.Debug|Any CPU.ActiveCfg = Debug|Any CPU
		{0B2E4975-1704-46BD-BF81-D79E99BB59AB}.Debug|Any CPU.Build.0 = Debug|Any CPU
		{0B2E4975-1704-46BD-BF81-D79E99BB59AB}.Release|Any CPU.ActiveCfg = Release|Any CPU
		{0B2E4975-1704-46BD-BF81-D79E99BB59AB}.Release|Any CPU.Build.0 = Release|Any CPU
	EndGlobalSection
	GlobalSection(SolutionProperties) = preSolution
		HideSolutionNode = FALSE
	EndGlobalSection
	GlobalSection(ExtensibilityGlobals) = postSolution
		SolutionGuid = {78A01AC8-BFED-4E34-AA20-D8CD9B8E5C8E}
	EndGlobalSection
EndGlobal
